
Microsoft Visual Studio Solution File, Format Version 12.00
# Visual Studio 2013
VisualStudioVersion = 12.0.40629.0
MinimumVisualStudioVersion = 10.0.40219.1
Project("{F184B08F-C81C-45F6-A57F-5ABD9991F28F}") = "StandardDI", "StandardDI.vbproj", "{CDF51865-B77E-483F-A238-CC17AC4CCB83}"
EndProject
Global
	GlobalSection(SolutionConfigurationPlatforms) = preSolution
		Debug|Any CPU = Debug|Any CPU
		Debug|x86 = Debug|x86
		Release|Any CPU = Release|Any CPU
		Release|x86 = Release|x86
	EndGlobalSection
	GlobalSection(ProjectConfigurationPlatforms) = postSolution
		{CDF51865-B77E-483F-A238-CC17AC4CCB83}.Debug|Any CPU.ActiveCfg = Debug|Any CPU
		{CDF51865-B77E-483F-A238-CC17AC4CCB83}.Debug|Any CPU.Build.0 = Debug|Any CPU
		{CDF51865-B77E-483F-A238-CC17AC4CCB83}.Debug|x86.ActiveCfg = Debug|Any CPU
		{CDF51865-B77E-483F-A238-CC17AC4CCB83}.Release|Any CPU.ActiveCfg = Release|Any CPU
		{CDF51865-B77E-483F-A238-CC17AC4CCB83}.Release|Any CPU.Build.0 = Release|Any CPU
		{CDF51865-B77E-483F-A238-CC17AC4CCB83}.Release|x86.ActiveCfg = Release|Any CPU
	EndGlobalSection
	GlobalSection(SolutionProperties) = preSolution
		HideSolutionNode = FALSE
	EndGlobalSection
	GlobalSection(ExtensibilityGlobals) = postSolution
		SolutionGuid = {4F3B7990-879E-4662-9FC2-BA437E2B74D3}
	EndGlobalSection
EndGlobal
